<Solution>
  <Folder Name="/Solution Items/">
    <File Path=".editorconfig" />
    <File Path="readme.md" />
  </Folder>
  <Folder Name="/src/">
    <Project Path="src/AutoFixture.Extensions.Common/AutoFixture.Extensions.Common.csproj" />
    <Project Path="src/AutoFixture.Extensions.Http/AutoFixture.Extensions.Http.csproj" />
    <Project Path="src/AutoFixture.Extensions.Logging/AutoFixture.Extensions.Logging.csproj" />
    <Project Path="src/AutoFixture.Extensions.NServiceBus/AutoFixture.Extensions.NServiceBus.csproj" />
    <Project Path="src/AutoFixture.Extensions.Options/AutoFixture.Extensions.Options.csproj" />
    <Project Path="src/AutoFixture.Extensions.Serilog/AutoFixture.Extensions.Serilog.csproj" />
    <Project Path="src/AutoFixture.Extensions.TestHelpers/AutoFixture.Extensions.TestHelpers.csproj" />
    <Project Path="src/AutoFixture.Extensions.Time/AutoFixture.Extensions.Time.csproj" />
    <Project Path="src/AutoFixture.Extensions.VogenLib/AutoFixture.Extensions.VogenLib.csproj" />
  </Folder>
  <Folder Name="/tests/">
    <Project Path="tests/AutoFixture.Extensions.Serilog.Specification/AutoFixture.Extensions.Serilog.Specification.csproj" />
    <Project Path="tests/AutoFixture.Extensions.VogenLib.Specification/AutoFixture.Extensions.VogenLib.Specification.csproj" />
  </Folder>
</Solution>
