<Solution>
  <Folder Name="/Solution Items/">
    <File Path=".editorconfig" />
    <File Path="Directory.Build.props" />
    <File Path="Directory.Packages.props" />
    <File Path="readme.md" />
  </Folder>
  <Folder Name="/src/">
    <Project Path="src/AutoFixture.Extensions.Common/AutoFixture.Extensions.Common.csproj" />
    <Project Path="src/AutoFixture.Extensions.Http/AutoFixture.Extensions.Http.csproj" />
    <Project Path="src/AutoFixture.Extensions.Logging/AutoFixture.Extensions.Logging.csproj" />
    <Project Path="src/AutoFixture.Extensions.NServiceBus/AutoFixture.Extensions.NServiceBus.csproj" />
    <Project Path="src/AutoFixture.Extensions.Options/AutoFixture.Extensions.Options.csproj" />
    <Project Path="src/AutoFixture.Extensions.Serilog/AutoFixture.Extensions.Serilog.csproj" />
    <Project Path="src/AutoFixture.Extensions.TestHelpers/AutoFixture.Extensions.TestHelpers.csproj" />
    <Project Path="src/AutoFixture.Extensions.Time/AutoFixture.Extensions.Time.csproj" />
    <Project Path="src/AutoFixture.Extensions.VogenLib/AutoFixture.Extensions.VogenLib.csproj" />
  </Folder>
  <Folder Name="/tests/">
    <Project Path="tests/AutoFixture.Extensions.Http.Specification/AutoFixture.Extensions.Http.Specification.csproj" Id="574e9751-9d7a-44e6-a9a0-4fd8f1aa9e93" />
    <Project Path="tests/AutoFixture.Extensions.Logging.Specification/AutoFixture.Extensions.Logging.Specification.csproj" Id="db6b5d21-2b8e-4728-b0c4-79656fa60397" />
    <Project Path="tests/AutoFixture.Extensions.Options.Specification/AutoFixture.Extensions.Options.Specification.csproj" Id="c624988f-c9ca-4ef5-96eb-81d3b10a9a46" />
    <Project Path="tests/AutoFixture.Extensions.Serilog.Specification/AutoFixture.Extensions.Serilog.Specification.csproj" />
    <Project Path="tests/AutoFixture.Extensions.TestHelpers.Specification/AutoFixture.Extensions.TestHelpers.Specification.csproj" Id="a6d541ca-aa0a-40e8-b049-9deab25ce3e3" />
    <Project Path="tests/AutoFixture.Extensions.VogenLib.Specification/AutoFixture.Extensions.VogenLib.Specification.csproj" />
    <Project Path="tests/AutoFixtureExtensions.Common.Specification/AutoFixture.Extensions.Common.Specification.csproj" Id="d16dbaed-53be-4cf4-b232-74c92280bdd8" />
  </Folder>
</Solution>
